
Microsoft Visual Studio Solution File, Format Version 12.00
# Visual Studio 15
VisualStudioVersion = 15.0.28010.2041
MinimumVisualStudioVersion = 10.0.40219.1
Project("{FAE04EC0-301F-11D3-BF4B-00C04F79EFBC}") = "WebApplication1", "WebApplication1\WebApplication1.csproj", "{4701B222-B446-4D40-A184-2C3103784A73}"
EndProject
Project("{FAE04EC0-301F-11D3-BF4B-00C04F79EFBC}") = "WebApplication1.Tests", "WebApplication1.Tests\WebApplication1.Tests.csproj", "{AEDAA7FA-BD4F-4BEF-84C9-516E17852985}"
EndProject
Global
	GlobalSection(SolutionConfigurationPlatforms) = preSolution
		Debug|Any CPU = Debug|Any CPU
		Release|Any CPU = Release|Any CPU
	EndGlobalSection
	GlobalSection(ProjectConfigurationPlatforms) = postSolution
		{4701B222-B446-4D40-A184-2C3103784A73}.Debug|Any CPU.ActiveCfg = Debug|Any CPU
		{4701B222-B446-4D40-A184-2C3103784A73}.Debug|Any CPU.Build.0 = Debug|Any CPU
		{4701B222-B446-4D40-A184-2C3103784A73}.Release|Any CPU.ActiveCfg = Release|Any CPU
		{4701B222-B446-4D40-A184-2C3103784A73}.Release|Any CPU.Build.0 = Release|Any CPU
		{AEDAA7FA-BD4F-4BEF-84C9-516E17852985}.Debug|Any CPU.ActiveCfg = Debug|Any CPU
		{AEDAA7FA-BD4F-4BEF-84C9-516E17852985}.Debug|Any CPU.Build.0 = Debug|Any CPU
		{AEDAA7FA-BD4F-4BEF-84C9-516E17852985}.Release|Any CPU.ActiveCfg = Release|Any CPU
		{AEDAA7FA-BD4F-4BEF-84C9-516E17852985}.Release|Any CPU.Build.0 = Release|Any CPU
	EndGlobalSection
	GlobalSection(SolutionProperties) = preSolution
		HideSolutionNode = FALSE
	EndGlobalSection
	GlobalSection(ExtensibilityGlobals) = postSolution
		SolutionGuid = {091A3442-269D-4468-9F2B-3CDE2C59A850}
	EndGlobalSection
EndGlobal
